
Microsoft Visual Studio Solution File, Format Version 12.00
# Visual Studio Version 17
VisualStudioVersion = 17.2.32630.192
MinimumVisualStudioVersion = 10.0.40219.1
Project("{FAE04EC0-301F-11D3-BF4B-00C04F79EFBC}") = "Digital_Clock", "Digital_Clock.csproj", "{931CAE21-05CE-423F-9381-3DC015A706BC}"
EndProject
Global
	GlobalSection(SolutionConfigurationPlatforms) = preSolution
		Debug|Any CPU = Debug|Any CPU
		Release|Any CPU = Release|Any CPU
	EndGlobalSection
	GlobalSection(ProjectConfigurationPlatforms) = postSolution
		{931CAE21-05CE-423F-9381-3DC015A706BC}.Debug|Any CPU.ActiveCfg = Debug|Any CPU
		{931CAE21-05CE-423F-9381-3DC015A706BC}.Debug|Any CPU.Build.0 = Debug|Any CPU
		{931CAE21-05CE-423F-9381-3DC015A706BC}.Release|Any CPU.ActiveCfg = Release|Any CPU
		{931CAE21-05CE-423F-9381-3DC015A706BC}.Release|Any CPU.Build.0 = Release|Any CPU
	EndGlobalSection
	GlobalSection(SolutionProperties) = preSolution
		HideSolutionNode = FALSE
	EndGlobalSection
	GlobalSection(ExtensibilityGlobals) = postSolution
		SolutionGuid = {564AC998-A1BD-49D4-8BF4-2968AEA5977E}
	EndGlobalSection
EndGlobal
